{
  "name": "playwright-drupal",
  "version": "1.0.0",
  "lockfileVersion": 2,
  "requires": true,
  "packages": {
    "": {
      "name": "playwright-drupal",
      "version": "1.0.0",
      "license": "proprietary",
      "devDependencies": {
        "@playwright/test": "1.24.2",
        "dotenv": "^16.0.1"
      }
    },
    "node_modules/@playwright/test": {
      "version": "1.24.2",
      "resolved": "https://registry.npmjs.org/@playwright/test/-/test-1.24.2.tgz",
      "integrity": "sha512-Q4X224pRHw4Dtkk5PoNJplZCokLNvVbXD9wDQEMrHcEuvWpJWEQDeJ9gEwkZ3iCWSFSWBshIX177B231XW4wOQ==",
      "dev": true,
      "dependencies": {
        "@types/node": "*",
        "playwright-core": "1.24.2"
      },
      "bin": {
        "playwright": "cli.js"
      },
      "engines": {
        "node": ">=14"
      }
    },
    "node_modules/@types/node": {
      "version": "18.7.4",
      "resolved": "https://registry.npmjs.org/@types/node/-/node-18.7.4.tgz",
      "integrity": "sha512-RzRcw8c0B8LzryWOR4Wj7YOTFXvdYKwvrb6xQQyuDfnlTxwYXGCV5RZ/TEbq5L5kn+w3rliHAUyRcG1RtbmTFg==",
      "dev": true
    },
    "node_modules/dotenv": {
      "version": "16.0.1",
      "resolved": "https://registry.npmjs.org/dotenv/-/dotenv-16.0.1.tgz",
      "integrity": "sha512-1K6hR6wtk2FviQ4kEiSjFiH5rpzEVi8WW0x96aztHVMhEspNpc4DVOUTEHtEva5VThQ8IaBX1Pe4gSzpVVUsKQ==",
      "dev": true,
      "engines": {
        "node": ">=12"
      }
    },
    "node_modules/playwright-core": {
      "version": "1.24.2",
      "resolved": "https://registry.npmjs.org/playwright-core/-/playwright-core-1.24.2.tgz",
      "integrity": "sha512-zfAoDoPY/0sDLsgSgLZwWmSCevIg1ym7CppBwllguVBNiHeixZkc1AdMuYUPZC6AdEYc4CxWEyLMBTw2YcmRrA==",
      "dev": true,
      "bin": {
        "playwright": "cli.js"
      },
      "engines": {
        "node": ">=14"
      }
    }
  },
  "dependencies": {
    "@playwright/test": {
      "version": "1.24.2",
      "resolved": "https://registry.npmjs.org/@playwright/test/-/test-1.24.2.tgz",
      "integrity": "sha512-Q4X224pRHw4Dtkk5PoNJplZCokLNvVbXD9wDQEMrHcEuvWpJWEQDeJ9gEwkZ3iCWSFSWBshIX177B231XW4wOQ==",
      "dev": true,
      "requires": {
        "@types/node": "*",
        "playwright-core": "1.24.2"
      }
    },
    "@types/node": {
      "version": "18.7.4",
      "resolved": "https://registry.npmjs.org/@types/node/-/node-18.7.4.tgz",
      "integrity": "sha512-RzRcw8c0B8LzryWOR4Wj7YOTFXvdYKwvrb6xQQyuDfnlTxwYXGCV5RZ/TEbq5L5kn+w3rliHAUyRcG1RtbmTFg==",
      "dev": true
    },
    "dotenv": {
      "version": "16.0.1",
      "resolved": "https://registry.npmjs.org/dotenv/-/dotenv-16.0.1.tgz",
      "integrity": "sha512-1K6hR6wtk2FviQ4kEiSjFiH5rpzEVi8WW0x96aztHVMhEspNpc4DVOUTEHtEva5VThQ8IaBX1Pe4gSzpVVUsKQ==",
      "dev": true
    },
    "playwright-core": {
      "version": "1.24.2",
      "resolved": "https://registry.npmjs.org/playwright-core/-/playwright-core-1.24.2.tgz",
      "integrity": "sha512-zfAoDoPY/0sDLsgSgLZwWmSCevIg1ym7CppBwllguVBNiHeixZkc1AdMuYUPZC6AdEYc4CxWEyLMBTw2YcmRrA==",
      "dev": true
    }
  }
}
